
Microsoft Visual Studio Solution File, Format Version 12.00
# Visual Studio Version 17
VisualStudioVersion = 17.9.34728.123
MinimumVisualStudioVersion = 10.0.40219.1
Project("{FAE04EC0-301F-11D3-BF4B-00C04F79EFBC}") = "SSTools", "SSTools\SSTools.csproj", "{370D2226-E815-4C11-95AC-0FEDBBF8964C}"
EndProject
Global
	GlobalSection(SolutionConfigurationPlatforms) = preSolution
		Debug|Any CPU = Debug|Any CPU
		Debug|x86 = Debug|x86
		Release|Any CPU = Release|Any CPU
		Release|x86 = Release|x86
	EndGlobalSection
	GlobalSection(ProjectConfigurationPlatforms) = postSolution
		{370D2226-E815-4C11-95AC-0FEDBBF8964C}.Debug|Any CPU.ActiveCfg = Debug|Any CPU
		{370D2226-E815-4C11-95AC-0FEDBBF8964C}.Debug|Any CPU.Build.0 = Debug|Any CPU
		{370D2226-E815-4C11-95AC-0FEDBBF8964C}.Debug|x86.ActiveCfg = Debug|x86
		{370D2226-E815-4C11-95AC-0FEDBBF8964C}.Debug|x86.Build.0 = Debug|x86
		{370D2226-E815-4C11-95AC-0FEDBBF8964C}.Release|Any CPU.ActiveCfg = Release|Any CPU
		{370D2226-E815-4C11-95AC-0FEDBBF8964C}.Release|Any CPU.Build.0 = Release|Any CPU
		{370D2226-E815-4C11-95AC-0FEDBBF8964C}.Release|x86.ActiveCfg = Release|x86
		{370D2226-E815-4C11-95AC-0FEDBBF8964C}.Release|x86.Build.0 = Release|x86
	EndGlobalSection
	GlobalSection(SolutionProperties) = preSolution
		HideSolutionNode = FALSE
	EndGlobalSection
	GlobalSection(ExtensibilityGlobals) = postSolution
		SolutionGuid = {56CD2686-4213-4557-9DEA-8EED6169A552}
	EndGlobalSection
EndGlobal
